
Microsoft Visual Studio Solution File, Format Version 11.00
# Visual Studio 2010
Project("{FAE04EC0-301F-11D3-BF4B-00C04F79EFBC}") = "DeanIS.Net", "DeanIS.Net\DeanIS.Net.csproj", "{60DB518A-7CDF-4C08-9E63-146E65799565}"
EndProject
Global
	GlobalSection(SolutionConfigurationPlatforms) = preSolution
		Debug|Any CPU = Debug|Any CPU
		Release|Any CPU = Release|Any CPU
	EndGlobalSection
	GlobalSection(ProjectConfigurationPlatforms) = postSolution
		{60DB518A-7CDF-4C08-9E63-146E65799565}.Debug|Any CPU.ActiveCfg = Debug|Any CPU
		{60DB518A-7CDF-4C08-9E63-146E65799565}.Debug|Any CPU.Build.0 = Debug|Any CPU
		{60DB518A-7CDF-4C08-9E63-146E65799565}.Release|Any CPU.ActiveCfg = Release|Any CPU
		{60DB518A-7CDF-4C08-9E63-146E65799565}.Release|Any CPU.Build.0 = Release|Any CPU
	EndGlobalSection
	GlobalSection(SolutionProperties) = preSolution
		HideSolutionNode = FALSE
	EndGlobalSection
EndGlobal
